
Microsoft Visual Studio Solution File, Format Version 12.00
# Visual Studio 15
VisualStudioVersion = 15.0.27004.2010
MinimumVisualStudioVersion = 10.0.40219.1
Project("{8BC9CEB8-8B4A-11D0-8D11-00A0C91BC942}") = "DownloadDemo", "demos\download\DownloadDemo.vcxproj", "{1C3574A4-C647-4B24-A713-E3DE99822D3B}"
EndProject
Project("{8BC9CEB8-8B4A-11D0-8D11-00A0C91BC942}") = "MFC.Controls", "controls\MFC.Controls.vcxproj", "{5936EB01-037A-4148-A512-DAD975C24CBD}"
EndProject
Project("{8BC9CEB8-8B4A-11D0-8D11-00A0C91BC942}") = "MFC.Language", "language\MFC.Language.vcxproj", "{8F02F1BD-9F9F-439C-9686-3961C64FC8EE}"
EndProject
Project("{8BC9CEB8-8B4A-11D0-8D11-00A0C91BC942}") = "Lua", "lua\Lua.vcxproj", "{D3051AAC-8129-45F9-A755-9CBB7C61D91D}"
EndProject
Project("{8BC9CEB8-8B4A-11D0-8D11-00A0C91BC942}") = "TinyXml2", "tinyxml2\TinyXml2.vcxproj", "{284538AC-D315-437E-AD31-D40934A43236}"
EndProject
Project("{8BC9CEB8-8B4A-11D0-8D11-00A0C91BC942}") = "MFC.Utilities", "utilities\MFC.Utilities.vcxproj", "{4B291D95-C2CA-49E3-9EB5-B9F855D32AA0}"
EndProject
Project("{8BC9CEB8-8B4A-11D0-8D11-00A0C91BC942}") = "MFC.Xml", "xml\MFC.Xml.vcxproj", "{575068FE-F001-47EF-AFB6-AF7A10435B8A}"
EndProject
Project("{2150E333-8FDC-42A3-9474-1A3956D46DE8}") = "toolkit", "toolkit", "{BE196BF6-C664-44D4-8863-85FC76FAD89A}"
EndProject
Project("{2150E333-8FDC-42A3-9474-1A3956D46DE8}") = "demos", "demos", "{B5F9E73F-AD05-4D70-898D-3B8920DCAC9A}"
EndProject
Global
	GlobalSection(SolutionConfigurationPlatforms) = preSolution
		Debug|Win32 = Debug|Win32
		Debug|x64 = Debug|x64
		Release|Win32 = Release|Win32
		Release|x64 = Release|x64
	EndGlobalSection
	GlobalSection(ProjectConfigurationPlatforms) = postSolution
		{1C3574A4-C647-4B24-A713-E3DE99822D3B}.Debug|Win32.ActiveCfg = Debug|Win32
		{1C3574A4-C647-4B24-A713-E3DE99822D3B}.Debug|Win32.Build.0 = Debug|Win32
		{1C3574A4-C647-4B24-A713-E3DE99822D3B}.Debug|x64.ActiveCfg = Debug|x64
		{1C3574A4-C647-4B24-A713-E3DE99822D3B}.Debug|x64.Build.0 = Debug|x64
		{1C3574A4-C647-4B24-A713-E3DE99822D3B}.Release|Win32.ActiveCfg = Release|Win32
		{1C3574A4-C647-4B24-A713-E3DE99822D3B}.Release|Win32.Build.0 = Release|Win32
		{1C3574A4-C647-4B24-A713-E3DE99822D3B}.Release|x64.ActiveCfg = Release|x64
		{1C3574A4-C647-4B24-A713-E3DE99822D3B}.Release|x64.Build.0 = Release|x64
		{5936EB01-037A-4148-A512-DAD975C24CBD}.Debug|Win32.ActiveCfg = Debug|Win32
		{5936EB01-037A-4148-A512-DAD975C24CBD}.Debug|Win32.Build.0 = Debug|Win32
		{5936EB01-037A-4148-A512-DAD975C24CBD}.Debug|x64.ActiveCfg = Debug|x64
		{5936EB01-037A-4148-A512-DAD975C24CBD}.Debug|x64.Build.0 = Debug|x64
		{5936EB01-037A-4148-A512-DAD975C24CBD}.Release|Win32.ActiveCfg = Release|Win32
		{5936EB01-037A-4148-A512-DAD975C24CBD}.Release|Win32.Build.0 = Release|Win32
		{5936EB01-037A-4148-A512-DAD975C24CBD}.Release|x64.ActiveCfg = Release|x64
		{5936EB01-037A-4148-A512-DAD975C24CBD}.Release|x64.Build.0 = Release|x64
		{8F02F1BD-9F9F-439C-9686-3961C64FC8EE}.Debug|Win32.ActiveCfg = Debug|Win32
		{8F02F1BD-9F9F-439C-9686-3961C64FC8EE}.Debug|Win32.Build.0 = Debug|Win32
		{8F02F1BD-9F9F-439C-9686-3961C64FC8EE}.Debug|x64.ActiveCfg = Debug|x64
		{8F02F1BD-9F9F-439C-9686-3961C64FC8EE}.Debug|x64.Build.0 = Debug|x64
		{8F02F1BD-9F9F-439C-9686-3961C64FC8EE}.Release|Win32.ActiveCfg = Release|Win32
		{8F02F1BD-9F9F-439C-9686-3961C64FC8EE}.Release|Win32.Build.0 = Release|Win32
		{8F02F1BD-9F9F-439C-9686-3961C64FC8EE}.Release|x64.ActiveCfg = Release|x64
		{8F02F1BD-9F9F-439C-9686-3961C64FC8EE}.Release|x64.Build.0 = Release|x64
		{D3051AAC-8129-45F9-A755-9CBB7C61D91D}.Debug|Win32.ActiveCfg = Debug|Win32
		{D3051AAC-8129-45F9-A755-9CBB7C61D91D}.Debug|Win32.Build.0 = Debug|Win32
		{D3051AAC-8129-45F9-A755-9CBB7C61D91D}.Debug|x64.ActiveCfg = Debug|x64
		{D3051AAC-8129-45F9-A755-9CBB7C61D91D}.Debug|x64.Build.0 = Debug|x64
		{D3051AAC-8129-45F9-A755-9CBB7C61D91D}.Release|Win32.ActiveCfg = Release|Win32
		{D3051AAC-8129-45F9-A755-9CBB7C61D91D}.Release|Win32.Build.0 = Release|Win32
		{D3051AAC-8129-45F9-A755-9CBB7C61D91D}.Release|x64.ActiveCfg = Release|x64
		{D3051AAC-8129-45F9-A755-9CBB7C61D91D}.Release|x64.Build.0 = Release|x64
		{284538AC-D315-437E-AD31-D40934A43236}.Debug|Win32.ActiveCfg = Debug|Win32
		{284538AC-D315-437E-AD31-D40934A43236}.Debug|Win32.Build.0 = Debug|Win32
		{284538AC-D315-437E-AD31-D40934A43236}.Debug|x64.ActiveCfg = Debug|x64
		{284538AC-D315-437E-AD31-D40934A43236}.Debug|x64.Build.0 = Debug|x64
		{284538AC-D315-437E-AD31-D40934A43236}.Release|Win32.ActiveCfg = Release|Win32
		{284538AC-D315-437E-AD31-D40934A43236}.Release|Win32.Build.0 = Release|Win32
		{284538AC-D315-437E-AD31-D40934A43236}.Release|x64.ActiveCfg = Release|x64
		{284538AC-D315-437E-AD31-D40934A43236}.Release|x64.Build.0 = Release|x64
		{4B291D95-C2CA-49E3-9EB5-B9F855D32AA0}.Debug|Win32.ActiveCfg = Debug|Win32
		{4B291D95-C2CA-49E3-9EB5-B9F855D32AA0}.Debug|Win32.Build.0 = Debug|Win32
		{4B291D95-C2CA-49E3-9EB5-B9F855D32AA0}.Debug|x64.ActiveCfg = Debug|x64
		{4B291D95-C2CA-49E3-9EB5-B9F855D32AA0}.Debug|x64.Build.0 = Debug|x64
		{4B291D95-C2CA-49E3-9EB5-B9F855D32AA0}.Release|Win32.ActiveCfg = Release|Win32
		{4B291D95-C2CA-49E3-9EB5-B9F855D32AA0}.Release|Win32.Build.0 = Release|Win32
		{4B291D95-C2CA-49E3-9EB5-B9F855D32AA0}.Release|x64.ActiveCfg = Release|x64
		{4B291D95-C2CA-49E3-9EB5-B9F855D32AA0}.Release|x64.Build.0 = Release|x64
		{575068FE-F001-47EF-AFB6-AF7A10435B8A}.Debug|Win32.ActiveCfg = Debug|Win32
		{575068FE-F001-47EF-AFB6-AF7A10435B8A}.Debug|Win32.Build.0 = Debug|Win32
		{575068FE-F001-47EF-AFB6-AF7A10435B8A}.Debug|x64.ActiveCfg = Debug|x64
		{575068FE-F001-47EF-AFB6-AF7A10435B8A}.Debug|x64.Build.0 = Debug|x64
		{575068FE-F001-47EF-AFB6-AF7A10435B8A}.Release|Win32.ActiveCfg = Release|Win32
		{575068FE-F001-47EF-AFB6-AF7A10435B8A}.Release|Win32.Build.0 = Release|Win32
		{575068FE-F001-47EF-AFB6-AF7A10435B8A}.Release|x64.ActiveCfg = Release|x64
		{575068FE-F001-47EF-AFB6-AF7A10435B8A}.Release|x64.Build.0 = Release|x64
	EndGlobalSection
	GlobalSection(SolutionProperties) = preSolution
		HideSolutionNode = FALSE
	EndGlobalSection
	GlobalSection(NestedProjects) = preSolution
		{1C3574A4-C647-4B24-A713-E3DE99822D3B} = {B5F9E73F-AD05-4D70-898D-3B8920DCAC9A}
		{5936EB01-037A-4148-A512-DAD975C24CBD} = {BE196BF6-C664-44D4-8863-85FC76FAD89A}
		{8F02F1BD-9F9F-439C-9686-3961C64FC8EE} = {BE196BF6-C664-44D4-8863-85FC76FAD89A}
		{D3051AAC-8129-45F9-A755-9CBB7C61D91D} = {BE196BF6-C664-44D4-8863-85FC76FAD89A}
		{284538AC-D315-437E-AD31-D40934A43236} = {BE196BF6-C664-44D4-8863-85FC76FAD89A}
		{4B291D95-C2CA-49E3-9EB5-B9F855D32AA0} = {BE196BF6-C664-44D4-8863-85FC76FAD89A}
		{575068FE-F001-47EF-AFB6-AF7A10435B8A} = {BE196BF6-C664-44D4-8863-85FC76FAD89A}
	EndGlobalSection
	GlobalSection(ExtensibilityGlobals) = postSolution
		SolutionGuid = {5AB24F91-DCDE-4DFA-B1DC-1D575F796259}
	EndGlobalSection
EndGlobal
