
Microsoft Visual Studio Solution File, Format Version 12.00
# Visual Studio 15
VisualStudioVersion = 15.0.27130.2024
MinimumVisualStudioVersion = 10.0.40219.1
Project("{8BC9CEB8-8B4A-11D0-8D11-00A0C91BC942}") = "MFC.Controls", "controls\MFC.Controls.vcxproj", "{5936EB01-037A-4148-A512-DAD975C24CBD}"
EndProject
Project("{8BC9CEB8-8B4A-11D0-8D11-00A0C91BC942}") = "Lua", "lua\Lua.vcxproj", "{D3051AAC-8129-45F9-A755-9CBB7C61D91D}"
EndProject
Project("{8BC9CEB8-8B4A-11D0-8D11-00A0C91BC942}") = "TinyXml2", "tinyxml2\TinyXml2.vcxproj", "{284538AC-D315-437E-AD31-D40934A43236}"
EndProject
Project("{8BC9CEB8-8B4A-11D0-8D11-00A0C91BC942}") = "MFC.Utilities", "utilities\MFC.Utilities.vcxproj", "{4B291D95-C2CA-49E3-9EB5-B9F855D32AA0}"
EndProject
Project("{8BC9CEB8-8B4A-11D0-8D11-00A0C91BC942}") = "MFC.Xml", "xml\MFC.Xml.vcxproj", "{575068FE-F001-47EF-AFB6-AF7A10435B8A}"
EndProject
Project("{2150E333-8FDC-42A3-9474-1A3956D46DE8}") = "src", "src", "{3340709D-0389-4D49-9960-4281CB30F1E4}"
EndProject
Project("{2150E333-8FDC-42A3-9474-1A3956D46DE8}") = "tests", "tests", "{1AFC0698-4B84-4FBF-BD1B-5FBDC820BC63}"
EndProject
Project("{8BC9CEB8-8B4A-11D0-8D11-00A0C91BC942}") = "MFC.Utilities.UnitTests", "tests\MFC.Utilities.UnitTests\MFC.Utilities.UnitTests.vcxproj", "{F0AEC0E3-3D42-4289-A361-F2AF2A1076EA}"
EndProject
Global
	GlobalSection(SolutionConfigurationPlatforms) = preSolution
		Debug|Win32 = Debug|Win32
		Debug|x64 = Debug|x64
		Release|Win32 = Release|Win32
		Release|x64 = Release|x64
	EndGlobalSection
	GlobalSection(ProjectConfigurationPlatforms) = postSolution
		{5936EB01-037A-4148-A512-DAD975C24CBD}.Debug|Win32.ActiveCfg = Debug|Win32
		{5936EB01-037A-4148-A512-DAD975C24CBD}.Debug|Win32.Build.0 = Debug|Win32
		{5936EB01-037A-4148-A512-DAD975C24CBD}.Debug|x64.ActiveCfg = Debug|x64
		{5936EB01-037A-4148-A512-DAD975C24CBD}.Debug|x64.Build.0 = Debug|x64
		{5936EB01-037A-4148-A512-DAD975C24CBD}.Release|Win32.ActiveCfg = Release|Win32
		{5936EB01-037A-4148-A512-DAD975C24CBD}.Release|Win32.Build.0 = Release|Win32
		{5936EB01-037A-4148-A512-DAD975C24CBD}.Release|x64.ActiveCfg = Release|x64
		{5936EB01-037A-4148-A512-DAD975C24CBD}.Release|x64.Build.0 = Release|x64
		{D3051AAC-8129-45F9-A755-9CBB7C61D91D}.Debug|Win32.ActiveCfg = Debug|Win32
		{D3051AAC-8129-45F9-A755-9CBB7C61D91D}.Debug|Win32.Build.0 = Debug|Win32
		{D3051AAC-8129-45F9-A755-9CBB7C61D91D}.Debug|x64.ActiveCfg = Debug|x64
		{D3051AAC-8129-45F9-A755-9CBB7C61D91D}.Debug|x64.Build.0 = Debug|x64
		{D3051AAC-8129-45F9-A755-9CBB7C61D91D}.Release|Win32.ActiveCfg = Release|Win32
		{D3051AAC-8129-45F9-A755-9CBB7C61D91D}.Release|Win32.Build.0 = Release|Win32
		{D3051AAC-8129-45F9-A755-9CBB7C61D91D}.Release|x64.ActiveCfg = Release|x64
		{D3051AAC-8129-45F9-A755-9CBB7C61D91D}.Release|x64.Build.0 = Release|x64
		{284538AC-D315-437E-AD31-D40934A43236}.Debug|Win32.ActiveCfg = Debug|Win32
		{284538AC-D315-437E-AD31-D40934A43236}.Debug|Win32.Build.0 = Debug|Win32
		{284538AC-D315-437E-AD31-D40934A43236}.Debug|x64.ActiveCfg = Debug|x64
		{284538AC-D315-437E-AD31-D40934A43236}.Debug|x64.Build.0 = Debug|x64
		{284538AC-D315-437E-AD31-D40934A43236}.Release|Win32.ActiveCfg = Release|Win32
		{284538AC-D315-437E-AD31-D40934A43236}.Release|Win32.Build.0 = Release|Win32
		{284538AC-D315-437E-AD31-D40934A43236}.Release|x64.ActiveCfg = Release|x64
		{284538AC-D315-437E-AD31-D40934A43236}.Release|x64.Build.0 = Release|x64
		{4B291D95-C2CA-49E3-9EB5-B9F855D32AA0}.Debug|Win32.ActiveCfg = Debug|Win32
		{4B291D95-C2CA-49E3-9EB5-B9F855D32AA0}.Debug|Win32.Build.0 = Debug|Win32
		{4B291D95-C2CA-49E3-9EB5-B9F855D32AA0}.Debug|x64.ActiveCfg = Debug|x64
		{4B291D95-C2CA-49E3-9EB5-B9F855D32AA0}.Debug|x64.Build.0 = Debug|x64
		{4B291D95-C2CA-49E3-9EB5-B9F855D32AA0}.Release|Win32.ActiveCfg = Release|Win32
		{4B291D95-C2CA-49E3-9EB5-B9F855D32AA0}.Release|Win32.Build.0 = Release|Win32
		{4B291D95-C2CA-49E3-9EB5-B9F855D32AA0}.Release|x64.ActiveCfg = Release|x64
		{4B291D95-C2CA-49E3-9EB5-B9F855D32AA0}.Release|x64.Build.0 = Release|x64
		{575068FE-F001-47EF-AFB6-AF7A10435B8A}.Debug|Win32.ActiveCfg = Debug|Win32
		{575068FE-F001-47EF-AFB6-AF7A10435B8A}.Debug|Win32.Build.0 = Debug|Win32
		{575068FE-F001-47EF-AFB6-AF7A10435B8A}.Debug|x64.ActiveCfg = Debug|x64
		{575068FE-F001-47EF-AFB6-AF7A10435B8A}.Debug|x64.Build.0 = Debug|x64
		{575068FE-F001-47EF-AFB6-AF7A10435B8A}.Release|Win32.ActiveCfg = Release|Win32
		{575068FE-F001-47EF-AFB6-AF7A10435B8A}.Release|Win32.Build.0 = Release|Win32
		{575068FE-F001-47EF-AFB6-AF7A10435B8A}.Release|x64.ActiveCfg = Release|x64
		{575068FE-F001-47EF-AFB6-AF7A10435B8A}.Release|x64.Build.0 = Release|x64
		{F0AEC0E3-3D42-4289-A361-F2AF2A1076EA}.Debug|Win32.ActiveCfg = Debug|Win32
		{F0AEC0E3-3D42-4289-A361-F2AF2A1076EA}.Debug|Win32.Build.0 = Debug|Win32
		{F0AEC0E3-3D42-4289-A361-F2AF2A1076EA}.Debug|x64.ActiveCfg = Debug|x64
		{F0AEC0E3-3D42-4289-A361-F2AF2A1076EA}.Debug|x64.Build.0 = Debug|x64
		{F0AEC0E3-3D42-4289-A361-F2AF2A1076EA}.Release|Win32.ActiveCfg = Release|Win32
		{F0AEC0E3-3D42-4289-A361-F2AF2A1076EA}.Release|Win32.Build.0 = Release|Win32
		{F0AEC0E3-3D42-4289-A361-F2AF2A1076EA}.Release|x64.ActiveCfg = Release|x64
		{F0AEC0E3-3D42-4289-A361-F2AF2A1076EA}.Release|x64.Build.0 = Release|x64
	EndGlobalSection
	GlobalSection(SolutionProperties) = preSolution
		HideSolutionNode = FALSE
	EndGlobalSection
	GlobalSection(NestedProjects) = preSolution
		{5936EB01-037A-4148-A512-DAD975C24CBD} = {3340709D-0389-4D49-9960-4281CB30F1E4}
		{D3051AAC-8129-45F9-A755-9CBB7C61D91D} = {3340709D-0389-4D49-9960-4281CB30F1E4}
		{284538AC-D315-437E-AD31-D40934A43236} = {3340709D-0389-4D49-9960-4281CB30F1E4}
		{4B291D95-C2CA-49E3-9EB5-B9F855D32AA0} = {3340709D-0389-4D49-9960-4281CB30F1E4}
		{575068FE-F001-47EF-AFB6-AF7A10435B8A} = {3340709D-0389-4D49-9960-4281CB30F1E4}
		{F0AEC0E3-3D42-4289-A361-F2AF2A1076EA} = {1AFC0698-4B84-4FBF-BD1B-5FBDC820BC63}
	EndGlobalSection
	GlobalSection(ExtensibilityGlobals) = postSolution
		SolutionGuid = {9F9D14FF-9528-4995-B4BC-EA0A7157421A}
	EndGlobalSection
EndGlobal
